// !$*UTF8*$!
{
	archiveVersion = 1;
	classes = {
	};
	objectVersion = 55;
	objects = {

/* Begin PBXBuildFile section */
		400AAC07290D446C00EE0EA2 /* PresenterManager.swift in Sources */ = {isa = PBXBuildFile; fileRef = 400AAC06290D446C00EE0EA2 /* PresenterManager.swift */; };
		4036494E290D13E600E0E01F /* LoginViewController.swift in Sources */ = {isa = PBXBuildFile; fileRef = 4036494D290D13E600E0E01F /* LoginViewController.swift */; };
		4064D40A29068FBA0019364B /* AppDelegate.swift in Sources */ = {isa = PBXBuildFile; fileRef = 4064D40929068FBA0019364B /* AppDelegate.swift */; };
		4064D40C29068FBA0019364B /* SceneDelegate.swift in Sources */ = {isa = PBXBuildFile; fileRef = 4064D40B29068FBA0019364B /* SceneDelegate.swift */; };
		4064D41129068FBA0019364B /* Main.storyboard in Resources */ = {isa = PBXBuildFile; fileRef = 4064D40F29068FBA0019364B /* Main.storyboard */; };
		4064D41329068FC30019364B /* Assets.xcassets in Resources */ = {isa = PBXBuildFile; fileRef = 4064D41229068FC30019364B /* Assets.xcassets */; };
		4064D41629068FC30019364B /* LaunchScreen.storyboard in Resources */ = {isa = PBXBuildFile; fileRef = 4064D41429068FC30019364B /* LaunchScreen.storyboard */; };
		4064D42129068FC30019364B /* spayTests.swift in Sources */ = {isa = PBXBuildFile; fileRef = 4064D42029068FC30019364B /* spayTests.swift */; };
		4064D42B29068FC30019364B /* spayUITests.swift in Sources */ = {isa = PBXBuildFile; fileRef = 4064D42A29068FC30019364B /* spayUITests.swift */; };
		4064D42D29068FC30019364B /* spayUITestsLaunchTests.swift in Sources */ = {isa = PBXBuildFile; fileRef = 4064D42C29068FC30019364B /* spayUITestsLaunchTests.swift */; };
		4064D43B2906AB2D0019364B /* LoadingViewController.swift in Sources */ = {isa = PBXBuildFile; fileRef = 4064D43A2906AB2D0019364B /* LoadingViewController.swift */; };
		4064D43E2906C94C0019364B /* Helper.swift in Sources */ = {isa = PBXBuildFile; fileRef = 4064D43D2906C94C0019364B /* Helper.swift */; };
		40C8CA492907EDE300D07197 /* Constants.swift in Sources */ = {isa = PBXBuildFile; fileRef = 40C8CA482907EDE200D07197 /* Constants.swift */; };
		40C8CA4B29080C2600D07197 /* DashboardViewController.swift in Sources */ = {isa = PBXBuildFile; fileRef = 40C8CA4A29080C2600D07197 /* DashboardViewController.swift */; };
/* End PBXBuildFile section */

/* Begin PBXContainerItemProxy section */
		4064D41D29068FC30019364B /* PBXContainerItemProxy */ = {
			isa = PBXContainerItemProxy;
			containerPortal = 4064D3FE29068FBA0019364B /* Project object */;
			proxyType = 1;
			remoteGlobalIDString = 4064D40529068FBA0019364B;
			remoteInfo = spay;
		};
		4064D42729068FC30019364B /* PBXContainerItemProxy */ = {
			isa = PBXContainerItemProxy;
			containerPortal = 4064D3FE29068FBA0019364B /* Project object */;
			proxyType = 1;
			remoteGlobalIDString = 4064D40529068FBA0019364B;
			remoteInfo = spay;
		};
/* End PBXContainerItemProxy section */

/* Begin PBXFileReference section */
		400AAC06290D446C00EE0EA2 /* PresenterManager.swift */ = {isa = PBXFileReference; lastKnownFileType = sourcecode.swift; path = PresenterManager.swift; sourceTree = "<group>"; };
		4036494D290D13E600E0E01F /* LoginViewController.swift */ = {isa = PBXFileReference; lastKnownFileType = sourcecode.swift; path = LoginViewController.swift; sourceTree = "<group>"; };
		4064D40629068FBA0019364B /* spay.app */ = {isa = PBXFileReference; explicitFileType = wrapper.application; includeInIndex = 0; path = spay.app; sourceTree = BUILT_PRODUCTS_DIR; };
		4064D40929068FBA0019364B /* AppDelegate.swift */ = {isa = PBXFileReference; lastKnownFileType = sourcecode.swift; path = AppDelegate.swift; sourceTree = "<group>"; };
		4064D40B29068FBA0019364B /* SceneDelegate.swift */ = {isa = PBXFileReference; lastKnownFileType = sourcecode.swift; path = SceneDelegate.swift; sourceTree = "<group>"; };
		4064D41029068FBA0019364B /* Base */ = {isa = PBXFileReference; lastKnownFileType = file.storyboard; name = Base; path = Base.lproj/Main.storyboard; sourceTree = "<group>"; };
		4064D41229068FC30019364B /* Assets.xcassets */ = {isa = PBXFileReference; lastKnownFileType = folder.assetcatalog; path = Assets.xcassets; sourceTree = "<group>"; };
		4064D41529068FC30019364B /* Base */ = {isa = PBXFileReference; lastKnownFileType = file.storyboard; name = Base; path = Base.lproj/LaunchScreen.storyboard; sourceTree = "<group>"; };
		4064D41729068FC30019364B /* Info.plist */ = {isa = PBXFileReference; lastKnownFileType = text.plist.xml; path = Info.plist; sourceTree = "<group>"; };
		4064D41C29068FC30019364B /* spayTests.xctest */ = {isa = PBXFileReference; explicitFileType = wrapper.cfbundle; includeInIndex = 0; path = spayTests.xctest; sourceTree = BUILT_PRODUCTS_DIR; };
		4064D42029068FC30019364B /* spayTests.swift */ = {isa = PBXFileReference; lastKnownFileType = sourcecode.swift; path = spayTests.swift; sourceTree = "<group>"; };
		4064D42629068FC30019364B /* spayUITests.xctest */ = {isa = PBXFileReference; explicitFileType = wrapper.cfbundle; includeInIndex = 0; path = spayUITests.xctest; sourceTree = BUILT_PRODUCTS_DIR; };
		4064D42A29068FC30019364B /* spayUITests.swift */ = {isa = PBXFileReference; lastKnownFileType = sourcecode.swift; path = spayUITests.swift; sourceTree = "<group>"; };
		4064D42C29068FC30019364B /* spayUITestsLaunchTests.swift */ = {isa = PBXFileReference; lastKnownFileType = sourcecode.swift; path = spayUITestsLaunchTests.swift; sourceTree = "<group>"; };
		4064D43A2906AB2D0019364B /* LoadingViewController.swift */ = {isa = PBXFileReference; lastKnownFileType = sourcecode.swift; path = LoadingViewController.swift; sourceTree = "<group>"; };
		4064D43D2906C94C0019364B /* Helper.swift */ = {isa = PBXFileReference; lastKnownFileType = sourcecode.swift; path = Helper.swift; sourceTree = "<group>"; };
		40C8CA482907EDE200D07197 /* Constants.swift */ = {isa = PBXFileReference; lastKnownFileType = sourcecode.swift; path = Constants.swift; sourceTree = "<group>"; };
		40C8CA4A29080C2600D07197 /* DashboardViewController.swift */ = {isa = PBXFileReference; lastKnownFileType = sourcecode.swift; path = DashboardViewController.swift; sourceTree = "<group>"; };
/* End PBXFileReference section */

/* Begin PBXFrameworksBuildPhase section */
		4064D40329068FBA0019364B /* Frameworks */ = {
			isa = PBXFrameworksBuildPhase;
			buildActionMask = 2147483647;
			files = (
			);
			runOnlyForDeploymentPostprocessing = 0;
		};
		4064D41929068FC30019364B /* Frameworks */ = {
			isa = PBXFrameworksBuildPhase;
			buildActionMask = 2147483647;
			files = (
			);
			runOnlyForDeploymentPostprocessing = 0;
		};
		4064D42329068FC30019364B /* Frameworks */ = {
			isa = PBXFrameworksBuildPhase;
			buildActionMask = 2147483647;
			files = (
			);
			runOnlyForDeploymentPostprocessing = 0;
		};
/* End PBXFrameworksBuildPhase section */

/* Begin PBXGroup section */
		400AAC05290D445500EE0EA2 /* Manager */ = {
			isa = PBXGroup;
			children = (
				400AAC06290D446C00EE0EA2 /* PresenterManager.swift */,
			);
			path = Manager;
			sourceTree = "<group>";
		};
		4064D3FD29068FBA0019364B = {
			isa = PBXGroup;
			children = (
				4064D40829068FBA0019364B /* spay */,
				4064D41F29068FC30019364B /* spayTests */,
				4064D42929068FC30019364B /* spayUITests */,
				4064D40729068FBA0019364B /* Products */,
			);
			sourceTree = "<group>";
		};
		4064D40729068FBA0019364B /* Products */ = {
			isa = PBXGroup;
			children = (
				4064D40629068FBA0019364B /* spay.app */,
				4064D41C29068FC30019364B /* spayTests.xctest */,
				4064D42629068FC30019364B /* spayUITests.xctest */,
			);
			name = Products;
			sourceTree = "<group>";
		};
		4064D40829068FBA0019364B /* spay */ = {
			isa = PBXGroup;
			children = (
				400AAC05290D445500EE0EA2 /* Manager */,
				4064D43C2906C92A0019364B /* Helper */,
				4064D4392906AAC20019364B /* Controller */,
				4064D40929068FBA0019364B /* AppDelegate.swift */,
				4064D40B29068FBA0019364B /* SceneDelegate.swift */,
				4064D40F29068FBA0019364B /* Main.storyboard */,
				4064D41229068FC30019364B /* Assets.xcassets */,
				4064D41429068FC30019364B /* LaunchScreen.storyboard */,
				4064D41729068FC30019364B /* Info.plist */,
			);
			path = spay;
			sourceTree = "<group>";
		};
		4064D41F29068FC30019364B /* spayTests */ = {
			isa = PBXGroup;
			children = (
				4064D42029068FC30019364B /* spayTests.swift */,
			);
			path = spayTests;
			sourceTree = "<group>";
		};
		4064D42929068FC30019364B /* spayUITests */ = {
			isa = PBXGroup;
			children = (
				4064D42A29068FC30019364B /* spayUITests.swift */,
				4064D42C29068FC30019364B /* spayUITestsLaunchTests.swift */,
			);
			path = spayUITests;
			sourceTree = "<group>";
		};
		4064D4392906AAC20019364B /* Controller */ = {
			isa = PBXGroup;
			children = (
				4064D43A2906AB2D0019364B /* LoadingViewController.swift */,
				40C8CA4A29080C2600D07197 /* DashboardViewController.swift */,
				4036494D290D13E600E0E01F /* LoginViewController.swift */,
			);
			path = Controller;
			sourceTree = "<group>";
		};
		4064D43C2906C92A0019364B /* Helper */ = {
			isa = PBXGroup;
			children = (
				4064D43D2906C94C0019364B /* Helper.swift */,
				40C8CA482907EDE200D07197 /* Constants.swift */,
			);
			path = Helper;
			sourceTree = "<group>";
		};
/* End PBXGroup section */

/* Begin PBXNativeTarget section */
		4064D40529068FBA0019364B /* spay */ = {
			isa = PBXNativeTarget;
			buildConfigurationList = 4064D43029068FC30019364B /* Build configuration list for PBXNativeTarget "spay" */;
			buildPhases = (
				4064D40229068FBA0019364B /* Sources */,
				4064D40329068FBA0019364B /* Frameworks */,
				4064D40429068FBA0019364B /* Resources */,
			);
			buildRules = (
			);
			dependencies = (
			);
			name = spay;
			productName = spay;
			productReference = 4064D40629068FBA0019364B /* spay.app */;
			productType = "com.apple.product-type.application";
		};
		4064D41B29068FC30019364B /* spayTests */ = {
			isa = PBXNativeTarget;
			buildConfigurationList = 4064D43329068FC30019364B /* Build configuration list for PBXNativeTarget "spayTests" */;
			buildPhases = (
				4064D41829068FC30019364B /* Sources */,
				4064D41929068FC30019364B /* Frameworks */,
				4064D41A29068FC30019364B /* Resources */,
			);
			buildRules = (
			);
			dependencies = (
				4064D41E29068FC30019364B /* PBXTargetDependency */,
			);
			name = spayTests;
			productName = spayTests;
			productReference = 4064D41C29068FC30019364B /* spayTests.xctest */;
			productType = "com.apple.product-type.bundle.unit-test";
		};
		4064D42529068FC30019364B /* spayUITests */ = {
			isa = PBXNativeTarget;
			buildConfigurationList = 4064D43629068FC30019364B /* Build configuration list for PBXNativeTarget "spayUITests" */;
			buildPhases = (
				4064D42229068FC30019364B /* Sources */,
				4064D42329068FC30019364B /* Frameworks */,
				4064D42429068FC30019364B /* Resources */,
			);
			buildRules = (
			);
			dependencies = (
				4064D42829068FC30019364B /* PBXTargetDependency */,
			);
			name = spayUITests;
			productName = spayUITests;
			productReference = 4064D42629068FC30019364B /* spayUITests.xctest */;
			productType = "com.apple.product-type.bundle.ui-testing";
		};
/* End PBXNativeTarget section */

/* Begin PBXProject section */
		4064D3FE29068FBA0019364B /* Project object */ = {
			isa = PBXProject;
			attributes = {
				BuildIndependentTargetsInParallel = 1;
				LastSwiftUpdateCheck = 1340;
				LastUpgradeCheck = 1340;
				TargetAttributes = {
					4064D40529068FBA0019364B = {
						CreatedOnToolsVersion = 13.4.1;
					};
					4064D41B29068FC30019364B = {
						CreatedOnToolsVersion = 13.4.1;
						TestTargetID = 4064D40529068FBA0019364B;
					};
					4064D42529068FC30019364B = {
						CreatedOnToolsVersion = 13.4.1;
						TestTargetID = 4064D40529068FBA0019364B;
					};
				};
			};
			buildConfigurationList = 4064D40129068FBA0019364B /* Build configuration list for PBXProject "spay" */;
			compatibilityVersion = "Xcode 13.0";
			developmentRegion = en;
			hasScannedForEncodings = 0;
			knownRegions = (
				en,
				Base,
			);
			mainGroup = 4064D3FD29068FBA0019364B;
			productRefGroup = 4064D40729068FBA0019364B /* Products */;
			projectDirPath = "";
			projectRoot = "";
			targets = (
				4064D40529068FBA0019364B /* spay */,
				4064D41B29068FC30019364B /* spayTests */,
				4064D42529068FC30019364B /* spayUITests */,
			);
		};
/* End PBXProject section */

/* Begin PBXResourcesBuildPhase section */
		4064D40429068FBA0019364B /* Resources */ = {
			isa = PBXResourcesBuildPhase;
			buildActionMask = 2147483647;
			files = (
				4064D41629068FC30019364B /* LaunchScreen.storyboard in Resources */,
				4064D41329068FC30019364B /* Assets.xcassets in Resources */,
				4064D41129068FBA0019364B /* Main.storyboard in Resources */,
			);
			runOnlyForDeploymentPostprocessing = 0;
		};
		4064D41A29068FC30019364B /* Resources */ = {
			isa = PBXResourcesBuildPhase;
			buildActionMask = 2147483647;
			files = (
			);
			runOnlyForDeploymentPostprocessing = 0;
		};
		4064D42429068FC30019364B /* Resources */ = {
			isa = PBXResourcesBuildPhase;
			buildActionMask = 2147483647;
			files = (
			);
			runOnlyForDeploymentPostprocessing = 0;
		};
/* End PBXResourcesBuildPhase section */

/* Begin PBXSourcesBuildPhase section */
		4064D40229068FBA0019364B /* Sources */ = {
			isa = PBXSourcesBuildPhase;
			buildActionMask = 2147483647;
			files = (
				4036494E290D13E600E0E01F /* LoginViewController.swift in Sources */,
				40C8CA492907EDE300D07197 /* Constants.swift in Sources */,
				40C8CA4B29080C2600D07197 /* DashboardViewController.swift in Sources */,
				4064D40A29068FBA0019364B /* AppDelegate.swift in Sources */,
				400AAC07290D446C00EE0EA2 /* PresenterManager.swift in Sources */,
				4064D40C29068FBA0019364B /* SceneDelegate.swift in Sources */,
				4064D43B2906AB2D0019364B /* LoadingViewController.swift in Sources */,
				4064D43E2906C94C0019364B /* Helper.swift in Sources */,
			);
			runOnlyForDeploymentPostprocessing = 0;
		};
		4064D41829068FC30019364B /* Sources */ = {
			isa = PBXSourcesBuildPhase;
			buildActionMask = 2147483647;
			files = (
				4064D42129068FC30019364B /* spayTests.swift in Sources */,
			);
			runOnlyForDeploymentPostprocessing = 0;
		};
		4064D42229068FC30019364B /* Sources */ = {
			isa = PBXSourcesBuildPhase;
			buildActionMask = 2147483647;
			files = (
				4064D42B29068FC30019364B /* spayUITests.swift in Sources */,
				4064D42D29068FC30019364B /* spayUITestsLaunchTests.swift in Sources */,
			);
			runOnlyForDeploymentPostprocessing = 0;
		};
/* End PBXSourcesBuildPhase section */

/* Begin PBXTargetDependency section */
		4064D41E29068FC30019364B /* PBXTargetDependency */ = {
			isa = PBXTargetDependency;
			target = 4064D40529068FBA0019364B /* spay */;
			targetProxy = 4064D41D29068FC30019364B /* PBXContainerItemProxy */;
		};
		4064D42829068FC30019364B /* PBXTargetDependency */ = {
			isa = PBXTargetDependency;
			target = 4064D40529068FBA0019364B /* spay */;
			targetProxy = 4064D42729068FC30019364B /* PBXContainerItemProxy */;
		};
/* End PBXTargetDependency section */

/* Begin PBXVariantGroup section */
		4064D40F29068FBA0019364B /* Main.storyboard */ = {
			isa = PBXVariantGroup;
			children = (
				4064D41029068FBA0019364B /* Base */,
			);
			name = Main.storyboard;
			sourceTree = "<group>";
		};
		4064D41429068FC30019364B /* LaunchScreen.storyboard */ = {
			isa = PBXVariantGroup;
			children = (
				4064D41529068FC30019364B /* Base */,
			);
			name = LaunchScreen.storyboard;
			sourceTree = "<group>";
		};
/* End PBXVariantGroup section */

/* Begin XCBuildConfiguration section */
		4064D42E29068FC30019364B /* Debug */ = {
			isa = XCBuildConfiguration;
			buildSettings = {
				ALWAYS_SEARCH_USER_PATHS = NO;
				CLANG_ANALYZER_NONNULL = YES;
				CLANG_ANALYZER_NUMBER_OBJECT_CONVERSION = YES_AGGRESSIVE;
				CLANG_CXX_LANGUAGE_STANDARD = "gnu++17";
				CLANG_ENABLE_MODULES = YES;
				CLANG_ENABLE_OBJC_ARC = YES;
				CLANG_ENABLE_OBJC_WEAK = YES;
				CLANG_WARN_BLOCK_CAPTURE_AUTORELEASING = YES;
				CLANG_WARN_BOOL_CONVERSION = YES;
				CLANG_WARN_COMMA = YES;
				CLANG_WARN_CONSTANT_CONVERSION = YES;
				CLANG_WARN_DEPRECATED_OBJC_IMPLEMENTATIONS = YES;
				CLANG_WARN_DIRECT_OBJC_ISA_USAGE = YES_ERROR;
				CLANG_WARN_DOCUMENTATION_COMMENTS = YES;
				CLANG_WARN_EMPTY_BODY = YES;
				CLANG_WARN_ENUM_CONVERSION = YES;
				CLANG_WARN_INFINITE_RECURSION = YES;
				CLANG_WARN_INT_CONVERSION = YES;
				CLANG_WARN_NON_LITERAL_NULL_CONVERSION = YES;
				CLANG_WARN_OBJC_IMPLICIT_RETAIN_SELF = YES;
				CLANG_WARN_OBJC_LITERAL_CONVERSION = YES;
				CLANG_WARN_OBJC_ROOT_CLASS = YES_ERROR;
				CLANG_WARN_QUOTED_INCLUDE_IN_FRAMEWORK_HEADER = YES;
				CLANG_WARN_RANGE_LOOP_ANALYSIS = YES;
				CLANG_WARN_STRICT_PROTOTYPES = YES;
				CLANG_WARN_SUSPICIOUS_MOVE = YES;
				CLANG_WARN_UNGUARDED_AVAILABILITY = YES_AGGRESSIVE;
				CLANG_WARN_UNREACHABLE_CODE = YES;
				CLANG_WARN__DUPLICATE_METHOD_MATCH = YES;
				COPY_PHASE_STRIP = NO;
				DEBUG_INFORMATION_FORMAT = dwarf;
				ENABLE_STRICT_OBJC_MSGSEND = YES;
				ENABLE_TESTABILITY = YES;
				GCC_C_LANGUAGE_STANDARD = gnu11;
				GCC_DYNAMIC_NO_PIC = NO;
				GCC_NO_COMMON_BLOCKS = YES;
				GCC_OPTIMIZATION_LEVEL = 0;
				GCC_PREPROCESSOR_DEFINITIONS = (
					"DEBUG=1",
					"$(inherited)",
				);
				GCC_WARN_64_TO_32_BIT_CONVERSION = YES;
				GCC_WARN_ABOUT_RETURN_TYPE = YES_ERROR;
				GCC_WARN_UNDECLARED_SELECTOR = YES;
				GCC_WARN_UNINITIALIZED_AUTOS = YES_AGGRESSIVE;
				GCC_WARN_UNUSED_FUNCTION = YES;
				GCC_WARN_UNUSED_VARIABLE = YES;
				IPHONEOS_DEPLOYMENT_TARGET = 15.5;
				MTL_ENABLE_DEBUG_INFO = INCLUDE_SOURCE;
				MTL_FAST_MATH = YES;
				ONLY_ACTIVE_ARCH = YES;
				SDKROOT = iphoneos;
				SWIFT_ACTIVE_COMPILATION_CONDITIONS = DEBUG;
				SWIFT_OPTIMIZATION_LEVEL = "-Onone";
			};
			name = Debug;
		};
		4064D42F29068FC30019364B /* Release */ = {
			isa = XCBuildConfiguration;
			buildSettings = {
				ALWAYS_SEARCH_USER_PATHS = NO;
				CLANG_ANALYZER_NONNULL = YES;
				CLANG_ANALYZER_NUMBER_OBJECT_CONVERSION = YES_AGGRESSIVE;
				CLANG_CXX_LANGUAGE_STANDARD = "gnu++17";
				CLANG_ENABLE_MODULES = YES;
				CLANG_ENABLE_OBJC_ARC = YES;
				CLANG_ENABLE_OBJC_WEAK = YES;
				CLANG_WARN_BLOCK_CAPTURE_AUTORELEASING = YES;
				CLANG_WARN_BOOL_CONVERSION = YES;
				CLANG_WARN_COMMA = YES;
				CLANG_WARN_CONSTANT_CONVERSION = YES;
				CLANG_WARN_DEPRECATED_OBJC_IMPLEMENTATIONS = YES;
				CLANG_WARN_DIRECT_OBJC_ISA_USAGE = YES_ERROR;
				CLANG_WARN_DOCUMENTATION_COMMENTS = YES;
				CLANG_WARN_EMPTY_BODY = YES;
				CLANG_WARN_ENUM_CONVERSION = YES;
				CLANG_WARN_INFINITE_RECURSION = YES;
				CLANG_WARN_INT_CONVERSION = YES;
				CLANG_WARN_NON_LITERAL_NULL_CONVERSION = YES;
				CLANG_WARN_OBJC_IMPLICIT_RETAIN_SELF = YES;
				CLANG_WARN_OBJC_LITERAL_CONVERSION = YES;
				CLANG_WARN_OBJC_ROOT_CLASS = YES_ERROR;
				CLANG_WARN_QUOTED_INCLUDE_IN_FRAMEWORK_HEADER = YES;
				CLANG_WARN_RANGE_LOOP_ANALYSIS = YES;
				CLANG_WARN_STRICT_PROTOTYPES = YES;
				CLANG_WARN_SUSPICIOUS_MOVE = YES;
				CLANG_WARN_UNGUARDED_AVAILABILITY = YES_AGGRESSIVE;
				CLANG_WARN_UNREACHABLE_CODE = YES;
				CLANG_WARN__DUPLICATE_METHOD_MATCH = YES;
				COPY_PHASE_STRIP = NO;
				DEBUG_INFORMATION_FORMAT = "dwarf-with-dsym";
				ENABLE_NS_ASSERTIONS = NO;
				ENABLE_STRICT_OBJC_MSGSEND = YES;
				GCC_C_LANGUAGE_STANDARD = gnu11;
				GCC_NO_COMMON_BLOCKS = YES;
				GCC_WARN_64_TO_32_BIT_CONVERSION = YES;
				GCC_WARN_ABOUT_RETURN_TYPE = YES_ERROR;
				GCC_WARN_UNDECLARED_SELECTOR = YES;
				GCC_WARN_UNINITIALIZED_AUTOS = YES_AGGRESSIVE;
				GCC_WARN_UNUSED_FUNCTION = YES;
				GCC_WARN_UNUSED_VARIABLE = YES;
				IPHONEOS_DEPLOYMENT_TARGET = 15.5;
				MTL_ENABLE_DEBUG_INFO = NO;
				MTL_FAST_MATH = YES;
				SDKROOT = iphoneos;
				SWIFT_COMPILATION_MODE = wholemodule;
				SWIFT_OPTIMIZATION_LEVEL = "-O";
				VALIDATE_PRODUCT = YES;
			};
			name = Release;
		};
		4064D43129068FC30019364B /* Debug */ = {
			isa = XCBuildConfiguration;
			buildSettings = {
				ASSETCATALOG_COMPILER_APPICON_NAME = AppIcon;
				ASSETCATALOG_COMPILER_GLOBAL_ACCENT_COLOR_NAME = AccentColor;
				CODE_SIGN_STYLE = Automatic;
				CURRENT_PROJECT_VERSION = 1;
				GENERATE_INFOPLIST_FILE = YES;
				INFOPLIST_FILE = spay/Info.plist;
				INFOPLIST_KEY_UIApplicationSupportsIndirectInputEvents = YES;
				INFOPLIST_KEY_UILaunchStoryboardName = LaunchScreen;
				INFOPLIST_KEY_UIMainStoryboardFile = Main;
				INFOPLIST_KEY_UISupportedInterfaceOrientations = UIInterfaceOrientationPortrait;
				INFOPLIST_KEY_UISupportedInterfaceOrientations_iPad = "UIInterfaceOrientationPortrait UIInterfaceOrientationPortraitUpsideDown UIInterfaceOrientationLandscapeLeft UIInterfaceOrientationLandscapeRight";
				INFOPLIST_KEY_UISupportedInterfaceOrientations_iPhone = "UIInterfaceOrientationPortrait UIInterfaceOrientationLandscapeLeft UIInterfaceOrientationLandscapeRight";
				LD_RUNPATH_SEARCH_PATHS = (
					"$(inherited)",
					"@executable_path/Frameworks",
				);
				MARKETING_VERSION = 1.0;
				PRODUCT_BUNDLE_IDENTIFIER = com.lanzruiz.spay;
				PRODUCT_NAME = "$(TARGET_NAME)";
				SWIFT_EMIT_LOC_STRINGS = YES;
				SWIFT_VERSION = 5.0;
				TARGETED_DEVICE_FAMILY = "1,2";
			};
			name = Debug;
		};
		4064D43229068FC30019364B /* Release */ = {
			isa = XCBuildConfiguration;
			buildSettings = {
				ASSETCATALOG_COMPILER_APPICON_NAME = AppIcon;
				ASSETCATALOG_COMPILER_GLOBAL_ACCENT_COLOR_NAME = AccentColor;
				CODE_SIGN_STYLE = Automatic;
				CURRENT_PROJECT_VERSION = 1;
				GENERATE_INFOPLIST_FILE = YES;
				INFOPLIST_FILE = spay/Info.plist;
				INFOPLIST_KEY_UIApplicationSupportsIndirectInputEvents = YES;
				INFOPLIST_KEY_UILaunchStoryboardName = LaunchScreen;
				INFOPLIST_KEY_UIMainStoryboardFile = Main;
				INFOPLIST_KEY_UISupportedInterfaceOrientations = UIInterfaceOrientationPortrait;
				INFOPLIST_KEY_UISupportedInterfaceOrientations_iPad = "UIInterfaceOrientationPortrait UIInterfaceOrientationPortraitUpsideDown UIInterfaceOrientationLandscapeLeft UIInterfaceOrientationLandscapeRight";
				INFOPLIST_KEY_UISupportedInterfaceOrientations_iPhone = "UIInterfaceOrientationPortrait UIInterfaceOrientationLandscapeLeft UIInterfaceOrientationLandscapeRight";
				LD_RUNPATH_SEARCH_PATHS = (
					"$(inherited)",
					"@executable_path/Frameworks",
				);
				MARKETING_VERSION = 1.0;
				PRODUCT_BUNDLE_IDENTIFIER = com.lanzruiz.spay;
				PRODUCT_NAME = "$(TARGET_NAME)";
				SWIFT_EMIT_LOC_STRINGS = YES;
				SWIFT_VERSION = 5.0;
				TARGETED_DEVICE_FAMILY = "1,2";
			};
			name = Release;
		};
		4064D43429068FC30019364B /* Debug */ = {
			isa = XCBuildConfiguration;
			buildSettings = {
				ALWAYS_EMBED_SWIFT_STANDARD_LIBRARIES = YES;
				BUNDLE_LOADER = "$(TEST_HOST)";
				CODE_SIGN_STYLE = Automatic;
				CURRENT_PROJECT_VERSION = 1;
				GENERATE_INFOPLIST_FILE = YES;
				IPHONEOS_DEPLOYMENT_TARGET = 15.5;
				MARKETING_VERSION = 1.0;
				PRODUCT_BUNDLE_IDENTIFIER = com.lanzruiz.spayTests;
				PRODUCT_NAME = "$(TARGET_NAME)";
				SWIFT_EMIT_LOC_STRINGS = NO;
				SWIFT_VERSION = 5.0;
				TARGETED_DEVICE_FAMILY = "1,2";
				TEST_HOST = "$(BUILT_PRODUCTS_DIR)/spay.app/spay";
			};
			name = Debug;
		};
		4064D43529068FC30019364B /* Release */ = {
			isa = XCBuildConfiguration;
			buildSettings = {
				ALWAYS_EMBED_SWIFT_STANDARD_LIBRARIES = YES;
				BUNDLE_LOADER = "$(TEST_HOST)";
				CODE_SIGN_STYLE = Automatic;
				CURRENT_PROJECT_VERSION = 1;
				GENERATE_INFOPLIST_FILE = YES;
				IPHONEOS_DEPLOYMENT_TARGET = 15.5;
				MARKETING_VERSION = 1.0;
				PRODUCT_BUNDLE_IDENTIFIER = com.lanzruiz.spayTests;
				PRODUCT_NAME = "$(TARGET_NAME)";
				SWIFT_EMIT_LOC_STRINGS = NO;
				SWIFT_VERSION = 5.0;
				TARGETED_DEVICE_FAMILY = "1,2";
				TEST_HOST = "$(BUILT_PRODUCTS_DIR)/spay.app/spay";
			};
			name = Release;
		};
		4064D43729068FC30019364B /* Debug */ = {
			isa = XCBuildConfiguration;
			buildSettings = {
				ALWAYS_EMBED_SWIFT_STANDARD_LIBRARIES = YES;
				CODE_SIGN_STYLE = Automatic;
				CURRENT_PROJECT_VERSION = 1;
				GENERATE_INFOPLIST_FILE = YES;
				MARKETING_VERSION = 1.0;
				PRODUCT_BUNDLE_IDENTIFIER = com.lanzruiz.spayUITests;
				PRODUCT_NAME = "$(TARGET_NAME)";
				SWIFT_EMIT_LOC_STRINGS = NO;
				SWIFT_VERSION = 5.0;
				TARGETED_DEVICE_FAMILY = "1,2";
				TEST_TARGET_NAME = spay;
			};
			name = Debug;
		};
		4064D43829068FC30019364B /* Release */ = {
			isa = XCBuildConfiguration;
			buildSettings = {
				ALWAYS_EMBED_SWIFT_STANDARD_LIBRARIES = YES;
				CODE_SIGN_STYLE = Automatic;
				CURRENT_PROJECT_VERSION = 1;
				GENERATE_INFOPLIST_FILE = YES;
				MARKETING_VERSION = 1.0;
				PRODUCT_BUNDLE_IDENTIFIER = com.lanzruiz.spayUITests;
				PRODUCT_NAME = "$(TARGET_NAME)";
				SWIFT_EMIT_LOC_STRINGS = NO;
				SWIFT_VERSION = 5.0;
				TARGETED_DEVICE_FAMILY = "1,2";
				TEST_TARGET_NAME = spay;
			};
			name = Release;
		};
/* End XCBuildConfiguration section */

/* Begin XCConfigurationList section */
		4064D40129068FBA0019364B /* Build configuration list for PBXProject "spay" */ = {
			isa = XCConfigurationList;
			buildConfigurations = (
				4064D42E29068FC30019364B /* Debug */,
				4064D42F29068FC30019364B /* Release */,
			);
			defaultConfigurationIsVisible = 0;
			defaultConfigurationName = Release;
		};
		4064D43029068FC30019364B /* Build configuration list for PBXNativeTarget "spay" */ = {
			isa = XCConfigurationList;
			buildConfigurations = (
				4064D43129068FC30019364B /* Debug */,
				4064D43229068FC30019364B /* Release */,
			);
			defaultConfigurationIsVisible = 0;
			defaultConfigurationName = Release;
		};
		4064D43329068FC30019364B /* Build configuration list for PBXNativeTarget "spayTests" */ = {
			isa = XCConfigurationList;
			buildConfigurations = (
				4064D43429068FC30019364B /* Debug */,
				4064D43529068FC30019364B /* Release */,
			);
			defaultConfigurationIsVisible = 0;
			defaultConfigurationName = Release;
		};
		4064D43629068FC30019364B /* Build configuration list for PBXNativeTarget "spayUITests" */ = {
			isa = XCConfigurationList;
			buildConfigurations = (
				4064D43729068FC30019364B /* Debug */,
				4064D43829068FC30019364B /* Release */,
			);
			defaultConfigurationIsVisible = 0;
			defaultConfigurationName = Release;
		};
/* End XCConfigurationList section */
	};
	rootObject = 4064D3FE29068FBA0019364B /* Project object */;
}
